
Microsoft Visual Studio Solution File, Format Version 12.00
# Visual Studio Version 16
VisualStudioVersion = 16.0.29025.244
MinimumVisualStudioVersion = 10.0.40219.1
Project("{9A19103F-16F7-4668-BE54-9A1E7A4F7556}") = "MarsRoverProblemSolution.Infrastructure", "src/MarsRoverProblemSolution\MarsRoverProblemSolution.Infrastructure.csproj", "{A5F92A0E-E87B-452A-B241-8DB2EBA98A09}"
EndProject
Project("{FAE04EC0-301F-11D3-BF4B-00C04F79EFBC}") = "MarsRoverProblemSolution.Tests", "src/MarsRoverProblemSolution.Tests\MarsRoverProblemSolution.Tests.csproj", "{AA860240-845D-4783-A1CD-CA91602BCEFE}"
EndProject
Global
	GlobalSection(SolutionConfigurationPlatforms) = preSolution
		Debug|Any CPU = Debug|Any CPU
		Release|Any CPU = Release|Any CPU
	EndGlobalSection
	GlobalSection(ProjectConfigurationPlatforms) = postSolution
		{A5F92A0E-E87B-452A-B241-8DB2EBA98A09}.Debug|Any CPU.ActiveCfg = Debug|Any CPU
		{A5F92A0E-E87B-452A-B241-8DB2EBA98A09}.Debug|Any CPU.Build.0 = Debug|Any CPU
		{A5F92A0E-E87B-452A-B241-8DB2EBA98A09}.Release|Any CPU.ActiveCfg = Release|Any CPU
		{A5F92A0E-E87B-452A-B241-8DB2EBA98A09}.Release|Any CPU.Build.0 = Release|Any CPU
		{AA860240-845D-4783-A1CD-CA91602BCEFE}.Debug|Any CPU.ActiveCfg = Debug|Any CPU
		{AA860240-845D-4783-A1CD-CA91602BCEFE}.Debug|Any CPU.Build.0 = Debug|Any CPU
		{AA860240-845D-4783-A1CD-CA91602BCEFE}.Release|Any CPU.ActiveCfg = Release|Any CPU
		{AA860240-845D-4783-A1CD-CA91602BCEFE}.Release|Any CPU.Build.0 = Release|Any CPU
	EndGlobalSection
	GlobalSection(SolutionProperties) = preSolution
		HideSolutionNode = FALSE
	EndGlobalSection
	GlobalSection(ExtensibilityGlobals) = postSolution
		SolutionGuid = {26CBE06A-6219-406E-BF39-00DD3C7018C8}
	EndGlobalSection
EndGlobal
